
Microsoft Visual Studio Solution File, Format Version 12.00
# Visual Studio Version 16
VisualStudioVersion = 16.0.31112.23
MinimumVisualStudioVersion = 10.0.40219.1
Project("{FAE04EC0-301F-11D3-BF4B-00C04F79EFBC}") = "PolygonEditor", "PolygonEditor.csproj", "{96B0DE96-1914-4653-9C1B-61E0DF2C9746}"
EndProject
Global
	GlobalSection(SolutionConfigurationPlatforms) = preSolution
		Debug|Any CPU = Debug|Any CPU
		Release|Any CPU = Release|Any CPU
	EndGlobalSection
	GlobalSection(ProjectConfigurationPlatforms) = postSolution
		{96B0DE96-1914-4653-9C1B-61E0DF2C9746}.Debug|Any CPU.ActiveCfg = Debug|Any CPU
		{96B0DE96-1914-4653-9C1B-61E0DF2C9746}.Debug|Any CPU.Build.0 = Debug|Any CPU
		{96B0DE96-1914-4653-9C1B-61E0DF2C9746}.Release|Any CPU.ActiveCfg = Release|Any CPU
		{96B0DE96-1914-4653-9C1B-61E0DF2C9746}.Release|Any CPU.Build.0 = Release|Any CPU
	EndGlobalSection
	GlobalSection(SolutionProperties) = preSolution
		HideSolutionNode = FALSE
	EndGlobalSection
	GlobalSection(ExtensibilityGlobals) = postSolution
		SolutionGuid = {253F68F9-BB3F-470B-80C5-2629BB8850D4}
	EndGlobalSection
EndGlobal
